<?xml version="1.0" encoding="utf-8"?>
<Project ToolsVersion="4.0" xmlns="http://schemas.microsoft.com/developer/msbuild/2003">
  <ItemGroup>
    <Filter Include="Source Files">
      <UniqueIdentifier>{4FC737F1-C7A5-4376-A066-2A32D752A2FF}</UniqueIdentifier>
      <Extensions>cpp;c;cc;cxx;def;odl;idl;hpj;bat;asm;asmx</Extensions>
    </Filter>
    <Filter Include="Header Files">
      <UniqueIdentifier>{93995380-89BD-4b04-88EB-625FBE52EBFB}</UniqueIdentifier>
      <Extensions>h;hpp;hxx;hm;inl;inc;xsd</Extensions>
    </Filter>
  </ItemGroup>
  <ItemGroup>
    <ClCompile Include="gsdecompiler.cpp">
      <Filter>Source Files</Filter>
    </ClCompile>
    <ClCompile Include="gsparser.cpp">
      <Filter>Source Files</Filter>
    </ClCompile>
    <ClCompile Include="gsstack.cpp">
      <Filter>Source Files</Filter>
    </ClCompile>
  </ItemGroup>
  <ItemGroup>
    <ClInclude Include="filereader.hpp">
      <Filter>Header Files</Filter>
    </ClInclude>
    <ClInclude Include="gsdecompiler.h">
      <Filter>Header Files</Filter>
    </ClInclude>
    <ClInclude Include="gsparser.h">
      <Filter>Header Files</Filter>
    </ClInclude>
    <ClInclude Include="reader.hpp">
      <Filter>Header Files</Filter>
    </ClInclude>
    <ClInclude Include="gsstack.h">
      <Filter>Header Files</Filter>
    </ClInclude>
    <ClInclude Include="gsvariable.h">
      <Filter>Header Files</Filter>
    </ClInclude>
    <ClInclude Include="gsopcodes_internal.h">
      <Filter>Header Files</Filter>
    </ClInclude>
    <ClInclude Include="gsopcodes.h">
      <Filter>Header Files</Filter>
    </ClInclude>
    <ClInclude Include="gsstring.h">
      <Filter>Header Files</Filter>
    </ClInclude>
    <ClInclude Include="gsint.h">
      <Filter>Header Files</Filter>
    </ClInclude>
    <ClInclude Include="gsbool.h">
      <Filter>Header Files</Filter>
    </ClInclude>
    <ClInclude Include="gsfloat.h">
      <Filter>Header Files</Filter>
    </ClInclude>
    <ClInclude Include="gsstubvar.h">
      <Filter>Header Files</Filter>
    </ClInclude>
    <ClInclude Include="gsclonablevariable.h">
      <Filter>Header Files</Filter>
    </ClInclude>
  </ItemGroup>
</Project>